
Microsoft Visual Studio Solution File, Format Version 12.00
# Visual Studio Version 17
VisualStudioVersion = 17.4.33122.133
MinimumVisualStudioVersion = 10.0.40219.1
Project("{FAE04EC0-301F-11D3-BF4B-00C04F79EFBC}") = "Praktyka", "Praktyka\Praktyka.csproj", "{69B0B48C-C67E-4064-9205-8764A7FD49C9}"
EndProject
Global
	GlobalSection(SolutionConfigurationPlatforms) = preSolution
		Debug|Any CPU = Debug|Any CPU
		Release|Any CPU = Release|Any CPU
	EndGlobalSection
	GlobalSection(ProjectConfigurationPlatforms) = postSolution
		{69B0B48C-C67E-4064-9205-8764A7FD49C9}.Debug|Any CPU.ActiveCfg = Debug|Any CPU
		{69B0B48C-C67E-4064-9205-8764A7FD49C9}.Debug|Any CPU.Build.0 = Debug|Any CPU
		{69B0B48C-C67E-4064-9205-8764A7FD49C9}.Release|Any CPU.ActiveCfg = Release|Any CPU
		{69B0B48C-C67E-4064-9205-8764A7FD49C9}.Release|Any CPU.Build.0 = Release|Any CPU
	EndGlobalSection
	GlobalSection(SolutionProperties) = preSolution
		HideSolutionNode = FALSE
	EndGlobalSection
	GlobalSection(ExtensibilityGlobals) = postSolution
		SolutionGuid = {53FB04AD-0FD3-48A7-B608-2491277559B9}
	EndGlobalSection
EndGlobal
